# THIS IS AN AUTOGENERATED FILE. DO NOT EDIT THIS FILE DIRECTLY.
# yarn lockfile v1


"@esbuild/android-arm64@0.16.8":
  version "0.16.8"
  resolved "https://registry.yarnpkg.com/@esbuild/android-arm64/-/android-arm64-0.16.8.tgz#37837dd8092d98268d0c3cf682c1b4a284d33638"
  integrity sha512-TGQM/tdy5EV1KoFHu0+cMrKvPR8UBLGEfwS84PTCJ07KVp21Fr488aFEL2TCamz9CxoF1np36kY6XOSdLncg2Q==

"@esbuild/android-arm@0.16.8":
  version "0.16.8"
  resolved "https://registry.yarnpkg.com/@esbuild/android-arm/-/android-arm-0.16.8.tgz#bfe7e05ea51517948e93b190b3d8d8b7f1ce13f5"
  integrity sha512-r/qxYWkC3gY+Uq24wZacAUevGGb6d7d8VpyO8R0HGg31LXVi+eUr8XxHLCcmVzAjRjlZsZfzPelGpAKP/DafKg==

"@esbuild/android-x64@0.16.8":
  version "0.16.8"
  resolved "https://registry.yarnpkg.com/@esbuild/android-x64/-/android-x64-0.16.8.tgz#fb625a45f3f73f153e2497bcfdf42f62225851a4"
  integrity sha512-HtA4BNfrf5Nyoz3G2IS3qW4A0yckPJ1NjCMA3SiOw3zS1IfpMkbepDGp/Gdokc/tASFd38IP2uIL3W6bHJzAQw==

"@esbuild/darwin-arm64@0.16.8":
  version "0.16.8"
  resolved "https://registry.yarnpkg.com/@esbuild/darwin-arm64/-/darwin-arm64-0.16.8.tgz#46ace701d2e7f9981584ec719cd8da6f6088642b"
  integrity sha512-Ks8K1HGFf6LEjLnnVqB/zyaJcv7zMjbJ9txRZAwQwj+bzg8/AP0TmLBMJf9Ahwn6ATnHrhORtpydP8A/mNthXg==

"@esbuild/darwin-x64@0.16.8":
  version "0.16.8"
  resolved "https://registry.yarnpkg.com/@esbuild/darwin-x64/-/darwin-x64-0.16.8.tgz#a1de180765d63a247a892c3abdf32cc9497f55ab"
  integrity sha512-XXh2070hatspZdG/uPqyHLFlHlGbytvT4JlqZuTU3AizcyOvmatPBSnuARvwCtJMw30wjjehcYY8DWPZ5UF2og==

"@esbuild/freebsd-arm64@0.16.8":
  version "0.16.8"
  resolved "https://registry.yarnpkg.com/@esbuild/freebsd-arm64/-/freebsd-arm64-0.16.8.tgz#c52f25e4f74c1b50b7242a7aefd208652716a209"
  integrity sha512-6DJuU3+tG9LcHCG/4K3e0AnqmmKWhUc9WDNIhLHOOdleafXwZeFvsqwfyaowNg9yUw5KipRLvV3JJMQ8kT1aPg==

"@esbuild/freebsd-x64@0.16.8":
  version "0.16.8"
  resolved "https://registry.yarnpkg.com/@esbuild/freebsd-x64/-/freebsd-x64-0.16.8.tgz#fbec93f8fd4864b5882d62e45d2adf535ef2f582"
  integrity sha512-UcsCaR25C0tZWnoImprPzr7vMEMjLImlTQAIfWXU2wvjF4gBWKO9GEH2JlsKYqBjfWfGgH+HHoGSF/evZbKyxA==

"@esbuild/linux-arm64@0.16.8":
  version "0.16.8"
  resolved "https://registry.yarnpkg.com/@esbuild/linux-arm64/-/linux-arm64-0.16.8.tgz#ba2799f92f34a0ded78963892c8e5a3117b575fe"
  integrity sha512-WTL1v/OhSxgE7rEELRFNWskym0e+hKDMl4JZs7jpQp7218yJPOjdOEWsbzVEYv4G1cbbtWFvp9DtaAONtdCW5w==

"@esbuild/linux-arm@0.16.8":
  version "0.16.8"
  resolved "https://registry.yarnpkg.com/@esbuild/linux-arm/-/linux-arm-0.16.8.tgz#2b17c138f32ac00299bfdc9300c88f57e6bf04f9"
  integrity sha512-Hn36NbKd6Prh0Ehv1A2ObjfXtN2g81jTpmq1+uRLHrW7CJW+W8GdVgOCVwyeupADUIOOa8bars6IZGcjkwq21w==

"@esbuild/linux-ia32@0.16.8":
  version "0.16.8"
  resolved "https://registry.yarnpkg.com/@esbuild/linux-ia32/-/linux-ia32-0.16.8.tgz#7665de87f89bde21166da55f097f91d227945108"
  integrity sha512-Jt+8YBFR2Pk68oS7E9z9PtmgJrDonGdEW3Camb2plZcztKpu/OxfnxFu8f41+TYpKhzUDm5uNMwqxRH3yDYrsQ==

"@esbuild/linux-loong64@0.16.8":
  version "0.16.8"
  resolved "https://registry.yarnpkg.com/@esbuild/linux-loong64/-/linux-loong64-0.16.8.tgz#6ce9f86678d8b73dfd81672ab0477cf65e5ecf51"
  integrity sha512-P+5J/U/WwPEwcKOFTlTQBK6Gqw4OytpfBvR2V+kBRb5jujwMOQ1aG8iKX14DAwCLks1YHXrXPwXXDPNWEWC59A==

"@esbuild/linux-mips64el@0.16.8":
  version "0.16.8"
  resolved "https://registry.yarnpkg.com/@esbuild/linux-mips64el/-/linux-mips64el-0.16.8.tgz#6cf093dd9706e8f078868ffb91b602c1dc7f135e"
  integrity sha512-RDSnljcka9UkVxcLtWv2lG5zcqkZUxIPY47ZSKytv4aoo8b05dH1gnKVWrxBZ+owp3dX48s2lXm6zp3hZHl8qw==

"@esbuild/linux-ppc64@0.16.8":
  version "0.16.8"
  resolved "https://registry.yarnpkg.com/@esbuild/linux-ppc64/-/linux-ppc64-0.16.8.tgz#ed3f4aa0a835fc385554711cdc0ac785d2f3856d"
  integrity sha512-fNGvIKXyigXYhSflraBsqR/EBhXhuH0/0r7IpU+3reh+8yX3VjowjC/dwmqHDOSQXbcj+HJb1o9kWYi+fJQ/3g==

"@esbuild/linux-riscv64@0.16.8":
  version "0.16.8"
  resolved "https://registry.yarnpkg.com/@esbuild/linux-riscv64/-/linux-riscv64-0.16.8.tgz#7f1e1dee09b70041ab31ba770f9cc3cad78505f4"
  integrity sha512-CsE1IKyVq/Y55PDnBUvm/e7XfvBgfb5kZxHbIEdmB9xt6cTcBkaVvv8EwLDZuYPkYI60WGl0UwyYYx9B2LLgkg==

"@esbuild/linux-s390x@0.16.8":
  version "0.16.8"
  resolved "https://registry.yarnpkg.com/@esbuild/linux-s390x/-/linux-s390x-0.16.8.tgz#0641fbfd9fe1b7e14172ddd9c9dd396d402d54f9"
  integrity sha512-k8RIN4M+GWQAfJ/oGqwxZlpzOyGF8mxp5mH1A1WUJrpSUo4pe0zkq2EoP1KMQbYkjeJi45YsjwK3IOnSoueXbA==

"@esbuild/linux-x64@0.16.8":
  version "0.16.8"
  resolved "https://registry.yarnpkg.com/@esbuild/linux-x64/-/linux-x64-0.16.8.tgz#50b960e728845c4e16497b6344ff49cd18e68410"
  integrity sha512-u0hOo4E9PKyVDmPgJNeip1Tg63wxq+3KBJZKQFblqCl+d5N7n1h7pFwdN5ZzeLaaE645ep8aXzf76ndGnyOypg==

"@esbuild/netbsd-x64@0.16.8":
  version "0.16.8"
  resolved "https://registry.yarnpkg.com/@esbuild/netbsd-x64/-/netbsd-x64-0.16.8.tgz#c301af71797751766689460c2bd4516ead698c0e"
  integrity sha512-wtENU7TOrnEbUes9aQuNe5PeBM4cTK5dn1W7v6XCr1LatJxAOn6Jn8yDGRsa2uKeEbAS5HeYx7uBAbTBd98OXQ==

"@esbuild/openbsd-x64@0.16.8":
  version "0.16.8"
  resolved "https://registry.yarnpkg.com/@esbuild/openbsd-x64/-/openbsd-x64-0.16.8.tgz#8f10f04c6c80f04c7c1ee89e2f60ef5c791a8d4d"
  integrity sha512-Y0DRVd/PIiutCpAYvRZHkpDNN3tdSQ1oyKy6xoh5TFTElAmzdlO7CO8ABs8689gq47lJ466cQEq9adJrKXrgXg==

"@esbuild/sunos-x64@0.16.8":
  version "0.16.8"
  resolved "https://registry.yarnpkg.com/@esbuild/sunos-x64/-/sunos-x64-0.16.8.tgz#463cb5d29997216391eaeaca25ed8549dd464f8e"
  integrity sha512-eKg0I3C5z4NTF396Yo9QByXA8DdRS7QiYPFf6JHcED0BanyLW/jX8csUy96wyGivTNrmU0mCOShbeLgzb0eX7w==

"@esbuild/win32-arm64@0.16.8":
  version "0.16.8"
  resolved "https://registry.yarnpkg.com/@esbuild/win32-arm64/-/win32-arm64-0.16.8.tgz#f69f45591a0d5c54f52c9fdc124fb3c54c823b42"
  integrity sha512-M2BZhsa7z8kMGre96HTMXpm266cfJkbdtcZgVfAL8hY4ptkh5MwNDasl85CDo++ffW2issVT+W/xIGJOr0v2pg==

"@esbuild/win32-ia32@0.16.8":
  version "0.16.8"
  resolved "https://registry.yarnpkg.com/@esbuild/win32-ia32/-/win32-ia32-0.16.8.tgz#0fd3cba945998c5907b63a2af2943b248461e272"
  integrity sha512-mzzHVpnuHQT+IrptiW+uUswEMpVIueYuAkjwt1m4tQuVq9dGWqCA1y9EE+W3S19nMg6JvHMbaRjv3mlCcmi0rA==

"@esbuild/win32-x64@0.16.8":
  version "0.16.8"
  resolved "https://registry.yarnpkg.com/@esbuild/win32-x64/-/win32-x64-0.16.8.tgz#f77f4f51b1e088fd82e5dce258e83e5d255dc8ac"
  integrity sha512-Zgzyn7njXpSSe1YGQk03eW4uei4QoZKloe/TBQZXgQHo6ul/ux0BtYdLz3MZ8WDlvqTG3QnLV4+gtV5ordM0+g==

"@hotwired/stimulus@^3.2.1":
  version "3.2.1"
  resolved "https://registry.yarnpkg.com/@hotwired/stimulus/-/stimulus-3.2.1.tgz#e3de23623b0c52c247aba4cd5d530d257008676b"
  integrity sha512-HGlzDcf9vv/EQrMJ5ZG6VWNs8Z/xMN+1o2OhV1gKiSG6CqZt5MCBB1gRg5ILiN3U0jEAxuDTNPRfBcnZBDmupQ==

"@hotwired/turbo-rails@^7.2.4":
  version "7.2.4"
  resolved "https://registry.yarnpkg.com/@hotwired/turbo-rails/-/turbo-rails-7.2.4.tgz#d155533e79c4ebdac23e8fe12697d821d5c06307"
  integrity sha512-givDUQqaccd19BvErz1Cf2j6MXF74m0G6I75oqFJGeXAa7vwkz9nDplefVNrALCR9Xi9j9gy32xmSI6wD0tZyA==
  dependencies:
    "@hotwired/turbo" "^7.2.4"
    "@rails/actioncable" "^7.0"

"@hotwired/turbo@^7.2.4":
  version "7.2.4"
  resolved "https://registry.yarnpkg.com/@hotwired/turbo/-/turbo-7.2.4.tgz#0d35541be32cfae3b4f78c6ab9138f5b21f28a21"
  integrity sha512-c3xlOroHp/cCZHDOuLp6uzQYEbvXBUVaal0puXoGJ9M8L/KHwZ3hQozD4dVeSN9msHWLxxtmPT1TlCN7gFhj4w==

"@rails/actioncable@^7.0":
  version "7.0.4"
  resolved "https://registry.yarnpkg.com/@rails/actioncable/-/actioncable-7.0.4.tgz#70a3ca56809f7aaabb80af2f9c01ae51e1a8ed41"
  integrity sha512-tz4oM+Zn9CYsvtyicsa/AwzKZKL+ITHWkhiu7x+xF77clh2b4Rm+s6xnOgY/sGDWoFWZmtKsE95hxBPkgQQNnQ==

"@rails/actiontext@^7.0.4":
  version "7.0.4"
  resolved "https://registry.yarnpkg.com/@rails/actiontext/-/actiontext-7.0.4.tgz#742a74155b8c8ebf65e696ab6a6d2a3212511092"
  integrity sha512-vyXZ4cNkudpfSfFWuyo1SSKBQXTK2H02xjd5vLHIBqJOKaqcZ7aFWe6n8NoQrTpAt+ULYtjkH0xMhJ5holswsQ==
  dependencies:
    "@rails/activestorage" ">= 7.0.0-alpha1"

"@rails/activestorage@>= 7.0.0-alpha1":
  version "7.0.4"
  resolved "https://registry.yarnpkg.com/@rails/activestorage/-/activestorage-7.0.4.tgz#56bc3052f60e8867b40a87ed5ff3c0afe536643e"
  integrity sha512-K2fV9C0z88fapu58nt9uHzMylsmJWUFuaIFvuZQEf1WTiPMsgTsj1bf8+cD81zXfTXYMZDQNRq4164JmuBKD3A==
  dependencies:
    spark-md5 "^3.0.1"

"@tailwindcss/aspect-ratio@^0.4.2":
  version "0.4.2"
  resolved "https://registry.yarnpkg.com/@tailwindcss/aspect-ratio/-/aspect-ratio-0.4.2.tgz#9ffd52fee8e3c8b20623ff0dcb29e5c21fb0a9ba"
  integrity sha512-8QPrypskfBa7QIMuKHg2TA7BqES6vhBrDLOv8Unb6FcFyd3TjKbc6lcmb9UPQHxfl24sXoJ41ux/H7qQQvfaSQ==

"@tailwindcss/forms@^0.5.3":
  version "0.5.3"
  resolved "https://registry.yarnpkg.com/@tailwindcss/forms/-/forms-0.5.3.tgz#e4d7989686cbcaf416c53f1523df5225332a86e7"
  integrity sha512-y5mb86JUoiUgBjY/o6FJSFZSEttfb3Q5gllE4xoKjAAD+vBrnIhE4dViwUuow3va8mpH4s9jyUbUbrRGoRdc2Q==
  dependencies:
    mini-svg-data-uri "^1.2.3"

"@tailwindcss/line-clamp@^0.4.2":
  version "0.4.2"
  resolved "https://registry.yarnpkg.com/@tailwindcss/line-clamp/-/line-clamp-0.4.2.tgz#f353c5a8ab2c939c6267ac5b907f012e5ee130f9"
  integrity sha512-HFzAQuqYCjyy/SX9sLGB1lroPzmcnWv1FHkIpmypte10hptf4oPUfucryMKovZh2u0uiS9U5Ty3GghWfEJGwVw==

"@tailwindcss/typography@^0.5.8":
  version "0.5.8"
  resolved "https://registry.yarnpkg.com/@tailwindcss/typography/-/typography-0.5.8.tgz#8fb31db5ab0590be6dfa062b1535ac86ad9d12bf"
  integrity sha512-xGQEp8KXN8Sd8m6R4xYmwxghmswrd0cPnNI2Lc6fmrC3OojysTBJJGSIVwPV56q4t6THFUK3HJ0EaWwpglSxWw==
  dependencies:
    lodash.castarray "^4.4.0"
    lodash.isplainobject "^4.0.6"
    lodash.merge "^4.6.2"
    postcss-selector-parser "6.0.10"

cssesc@^3.0.0:
  version "3.0.0"
  resolved "https://registry.yarnpkg.com/cssesc/-/cssesc-3.0.0.tgz#37741919903b868565e1c09ea747445cd18983ee"
  integrity sha512-/Tb/JcjK111nNScGob5MNtsntNM1aCNUDipB/TkwZFhyDrrE47SOx/18wF2bbjgc3ZzCSKW1T5nt5EbFoAz/Vg==

esbuild@^0.16.8:
  version "0.16.8"
  resolved "https://registry.yarnpkg.com/esbuild/-/esbuild-0.16.8.tgz#e6a383ad7b321421a299b7bd66cb0a96eac6d70d"
  integrity sha512-RKxRaLYAI5b/IVJ5k8jK3bO2G7cch2ZIZFbfKHbBzpwsWt9+VChcBEndNISBBZ5c3WwekFfkfl11/2QfIGHgDw==
  optionalDependencies:
    "@esbuild/android-arm" "0.16.8"
    "@esbuild/android-arm64" "0.16.8"
    "@esbuild/android-x64" "0.16.8"
    "@esbuild/darwin-arm64" "0.16.8"
    "@esbuild/darwin-x64" "0.16.8"
    "@esbuild/freebsd-arm64" "0.16.8"
    "@esbuild/freebsd-x64" "0.16.8"
    "@esbuild/linux-arm" "0.16.8"
    "@esbuild/linux-arm64" "0.16.8"
    "@esbuild/linux-ia32" "0.16.8"
    "@esbuild/linux-loong64" "0.16.8"
    "@esbuild/linux-mips64el" "0.16.8"
    "@esbuild/linux-ppc64" "0.16.8"
    "@esbuild/linux-riscv64" "0.16.8"
    "@esbuild/linux-s390x" "0.16.8"
    "@esbuild/linux-x64" "0.16.8"
    "@esbuild/netbsd-x64" "0.16.8"
    "@esbuild/openbsd-x64" "0.16.8"
    "@esbuild/sunos-x64" "0.16.8"
    "@esbuild/win32-arm64" "0.16.8"
    "@esbuild/win32-ia32" "0.16.8"
    "@esbuild/win32-x64" "0.16.8"

lodash.castarray@^4.4.0:
  version "4.4.0"
  resolved "https://registry.yarnpkg.com/lodash.castarray/-/lodash.castarray-4.4.0.tgz#c02513515e309daddd4c24c60cfddcf5976d9115"
  integrity sha512-aVx8ztPv7/2ULbArGJ2Y42bG1mEQ5mGjpdvrbJcJFU3TbYybe+QlLS4pst9zV52ymy2in1KpFPiZnAOATxD4+Q==

lodash.isplainobject@^4.0.6:
  version "4.0.6"
  resolved "https://registry.yarnpkg.com/lodash.isplainobject/-/lodash.isplainobject-4.0.6.tgz#7c526a52d89b45c45cc690b88163be0497f550cb"
  integrity sha512-oSXzaWypCMHkPC3NvBEaPHf0KsA5mvPrOPgQWDsbg8n7orZ290M0BmC/jgRZ4vcJ6DTAhjrsSYgdsW/F+MFOBA==

lodash.merge@^4.6.2:
  version "4.6.2"
  resolved "https://registry.yarnpkg.com/lodash.merge/-/lodash.merge-4.6.2.tgz#558aa53b43b661e1925a0afdfa36a9a1085fe57a"
  integrity sha512-0KpjqXRVvrYyCsX1swR/XTK0va6VQkQM6MNo7PqW77ByjAhoARA8EfrP1N4+KlKj8YS0ZUCtRT/YUuhyYDujIQ==

mini-svg-data-uri@^1.2.3:
  version "1.4.4"
  resolved "https://registry.yarnpkg.com/mini-svg-data-uri/-/mini-svg-data-uri-1.4.4.tgz#8ab0aabcdf8c29ad5693ca595af19dd2ead09939"
  integrity sha512-r9deDe9p5FJUPZAk3A59wGH7Ii9YrjjWw0jmw/liSbHl2CHiyXj6FcDXDu2K3TjVAXqiJdaw3xxwlZZr9E6nHg==

postcss-selector-parser@6.0.10:
  version "6.0.10"
  resolved "https://registry.yarnpkg.com/postcss-selector-parser/-/postcss-selector-parser-6.0.10.tgz#79b61e2c0d1bfc2602d549e11d0876256f8df88d"
  integrity sha512-IQ7TZdoaqbT+LCpShg46jnZVlhWD2w6iQYAcYXfHARZ7X1t/UGhhceQDs5X0cGqKvYlHNOuv7Oa1xmb0oQuA3w==
  dependencies:
    cssesc "^3.0.0"
    util-deprecate "^1.0.2"

spark-md5@^3.0.1:
  version "3.0.2"
  resolved "https://registry.yarnpkg.com/spark-md5/-/spark-md5-3.0.2.tgz#7952c4a30784347abcee73268e473b9c0167e3fc"
  integrity sha512-wcFzz9cDfbuqe0FZzfi2or1sgyIrsDwmPwfZC4hiNidPdPINjeUwNfv5kldczoEAcjl9Y1L3SM7Uz2PUEQzxQw==

trix@^2.0.3:
  version "2.0.3"
  resolved "https://registry.yarnpkg.com/trix/-/trix-2.0.3.tgz#6c60a2cdb62d36a8d67642a698695e72939e92bf"
  integrity sha512-QIz71n75odwftH+YMg/oYPYsU7C+MwcEpWcQJDYKlnQ2Gu27zeXFTKbeTW2+UI4tHgQ2TlMiNpbqXLvJqcTzAg==

util-deprecate@^1.0.2:
  version "1.0.2"
  resolved "https://registry.yarnpkg.com/util-deprecate/-/util-deprecate-1.0.2.tgz#450d4dc9fa70de732762fbd2d4a28981419a0ccf"
  integrity sha512-EPD5q1uXyFxJpCrLnCc1nHnq3gOa6DZBocAIiI2TaSCA7VCJ1UJDMagCzIkXNsUYfD1daK//LTEQ8xiIbrHtcw==
